
Microsoft Visual Studio Solution File, Format Version 12.00
# Visual Studio Version 17
VisualStudioVersion = 17.12.35707.178
MinimumVisualStudioVersion = 10.0.40219.1
Project("{8BC9CEB8-8B4A-11D0-8D11-00A0C91BC942}") = "Arrays", "Arrays\Arrays.vcxproj", "{F2878BCD-7E65-4157-AD91-89AAAD11FD23}"
EndProject
Project("{8BC9CEB8-8B4A-11D0-8D11-00A0C91BC942}") = "Task_Array_begin", "Task_Array_begin\Task_Array_begin.vcxproj", "{B528F834-DD85-47C3-8B30-1A96E80EA708}"
EndProject
Project("{8BC9CEB8-8B4A-11D0-8D11-00A0C91BC942}") = "Pattern", "Pattern\Pattern.vcxproj", "{E7D29126-A638-4F17-9B33-580A33C39616}"
EndProject
Project("{8BC9CEB8-8B4A-11D0-8D11-00A0C91BC942}") = "Task_Shift", "Task_Shift\Task_Shift.vcxproj", "{BDF9A537-9E1B-4E48-91D3-74065E21E2FA}"
EndProject
Project("{8BC9CEB8-8B4A-11D0-8D11-00A0C91BC942}") = "Shift", "Shift\Shift.vcxproj", "{0D47C6F8-BBB7-49BC-BCE6-19C8E9E0748E}"
EndProject
Project("{8BC9CEB8-8B4A-11D0-8D11-00A0C91BC942}") = "Task_Numerics", "Task_Numerics\Task_Numerics.vcxproj", "{1BE7BBE8-A10B-40D3-83F3-9B967D1E00AF}"
EndProject
Project("{8BC9CEB8-8B4A-11D0-8D11-00A0C91BC942}") = "2D Arrays", "2D Arrays\2D Arrays.vcxproj", "{9BD5F92D-E75E-4186-A2ED-1CBF28D29417}"
EndProject
Project("{8BC9CEB8-8B4A-11D0-8D11-00A0C91BC942}") = "Task_Unique", "Task_Unique\Task_Unique.vcxproj", "{581D4EA6-2C69-4C00-8A8D-93D6A1F837C6}"
EndProject
Project("{8BC9CEB8-8B4A-11D0-8D11-00A0C91BC942}") = "Task_Repeats", "Repeats\Repeats.vcxproj", "{58E7DE70-E952-4C87-A149-04C71AD4227E}"
EndProject
Project("{8BC9CEB8-8B4A-11D0-8D11-00A0C91BC942}") = "Task_2D_Arrays", "Task_2D_Arrays\Task_2D_Arrays.vcxproj", "{6AEF0421-66B6-48BE-99D5-5475B85EF490}"
EndProject
Project("{8BC9CEB8-8B4A-11D0-8D11-00A0C91BC942}") = "Numerics", "Numerics\Numerics.vcxproj", "{982C1C2E-D958-4C30-BCD1-C409D3BDF176}"
EndProject
Project("{8BC9CEB8-8B4A-11D0-8D11-00A0C91BC942}") = "UNIQUE_2", "UNIQUE_2\UNIQUE_2.vcxproj", "{17EF0EA9-144A-4F92-A27E-397BC51900B4}"
EndProject
Global
	GlobalSection(SolutionConfigurationPlatforms) = preSolution
		Debug|x64 = Debug|x64
		Debug|x86 = Debug|x86
		Release|x64 = Release|x64
		Release|x86 = Release|x86
	EndGlobalSection
	GlobalSection(ProjectConfigurationPlatforms) = postSolution
		{F2878BCD-7E65-4157-AD91-89AAAD11FD23}.Debug|x64.ActiveCfg = Debug|x64
		{F2878BCD-7E65-4157-AD91-89AAAD11FD23}.Debug|x64.Build.0 = Debug|x64
		{F2878BCD-7E65-4157-AD91-89AAAD11FD23}.Debug|x86.ActiveCfg = Debug|Win32
		{F2878BCD-7E65-4157-AD91-89AAAD11FD23}.Debug|x86.Build.0 = Debug|Win32
		{F2878BCD-7E65-4157-AD91-89AAAD11FD23}.Release|x64.ActiveCfg = Release|x64
		{F2878BCD-7E65-4157-AD91-89AAAD11FD23}.Release|x64.Build.0 = Release|x64
		{F2878BCD-7E65-4157-AD91-89AAAD11FD23}.Release|x86.ActiveCfg = Release|Win32
		{F2878BCD-7E65-4157-AD91-89AAAD11FD23}.Release|x86.Build.0 = Release|Win32
		{B528F834-DD85-47C3-8B30-1A96E80EA708}.Debug|x64.ActiveCfg = Debug|x64
		{B528F834-DD85-47C3-8B30-1A96E80EA708}.Debug|x64.Build.0 = Debug|x64
		{B528F834-DD85-47C3-8B30-1A96E80EA708}.Debug|x86.ActiveCfg = Debug|Win32
		{B528F834-DD85-47C3-8B30-1A96E80EA708}.Debug|x86.Build.0 = Debug|Win32
		{B528F834-DD85-47C3-8B30-1A96E80EA708}.Release|x64.ActiveCfg = Release|x64
		{B528F834-DD85-47C3-8B30-1A96E80EA708}.Release|x64.Build.0 = Release|x64
		{B528F834-DD85-47C3-8B30-1A96E80EA708}.Release|x86.ActiveCfg = Release|Win32
		{B528F834-DD85-47C3-8B30-1A96E80EA708}.Release|x86.Build.0 = Release|Win32
		{E7D29126-A638-4F17-9B33-580A33C39616}.Debug|x64.ActiveCfg = Debug|x64
		{E7D29126-A638-4F17-9B33-580A33C39616}.Debug|x64.Build.0 = Debug|x64
		{E7D29126-A638-4F17-9B33-580A33C39616}.Debug|x86.ActiveCfg = Debug|Win32
		{E7D29126-A638-4F17-9B33-580A33C39616}.Debug|x86.Build.0 = Debug|Win32
		{E7D29126-A638-4F17-9B33-580A33C39616}.Release|x64.ActiveCfg = Release|x64
		{E7D29126-A638-4F17-9B33-580A33C39616}.Release|x64.Build.0 = Release|x64
		{E7D29126-A638-4F17-9B33-580A33C39616}.Release|x86.ActiveCfg = Release|Win32
		{E7D29126-A638-4F17-9B33-580A33C39616}.Release|x86.Build.0 = Release|Win32
		{BDF9A537-9E1B-4E48-91D3-74065E21E2FA}.Debug|x64.ActiveCfg = Debug|x64
		{BDF9A537-9E1B-4E48-91D3-74065E21E2FA}.Debug|x64.Build.0 = Debug|x64
		{BDF9A537-9E1B-4E48-91D3-74065E21E2FA}.Debug|x86.ActiveCfg = Debug|Win32
		{BDF9A537-9E1B-4E48-91D3-74065E21E2FA}.Debug|x86.Build.0 = Debug|Win32
		{BDF9A537-9E1B-4E48-91D3-74065E21E2FA}.Release|x64.ActiveCfg = Release|x64
		{BDF9A537-9E1B-4E48-91D3-74065E21E2FA}.Release|x64.Build.0 = Release|x64
		{BDF9A537-9E1B-4E48-91D3-74065E21E2FA}.Release|x86.ActiveCfg = Release|Win32
		{BDF9A537-9E1B-4E48-91D3-74065E21E2FA}.Release|x86.Build.0 = Release|Win32
		{0D47C6F8-BBB7-49BC-BCE6-19C8E9E0748E}.Debug|x64.ActiveCfg = Debug|x64
		{0D47C6F8-BBB7-49BC-BCE6-19C8E9E0748E}.Debug|x64.Build.0 = Debug|x64
		{0D47C6F8-BBB7-49BC-BCE6-19C8E9E0748E}.Debug|x86.ActiveCfg = Debug|Win32
		{0D47C6F8-BBB7-49BC-BCE6-19C8E9E0748E}.Debug|x86.Build.0 = Debug|Win32
		{0D47C6F8-BBB7-49BC-BCE6-19C8E9E0748E}.Release|x64.ActiveCfg = Release|x64
		{0D47C6F8-BBB7-49BC-BCE6-19C8E9E0748E}.Release|x64.Build.0 = Release|x64
		{0D47C6F8-BBB7-49BC-BCE6-19C8E9E0748E}.Release|x86.ActiveCfg = Release|Win32
		{0D47C6F8-BBB7-49BC-BCE6-19C8E9E0748E}.Release|x86.Build.0 = Release|Win32
		{1BE7BBE8-A10B-40D3-83F3-9B967D1E00AF}.Debug|x64.ActiveCfg = Debug|x64
		{1BE7BBE8-A10B-40D3-83F3-9B967D1E00AF}.Debug|x64.Build.0 = Debug|x64
		{1BE7BBE8-A10B-40D3-83F3-9B967D1E00AF}.Debug|x86.ActiveCfg = Debug|Win32
		{1BE7BBE8-A10B-40D3-83F3-9B967D1E00AF}.Debug|x86.Build.0 = Debug|Win32
		{1BE7BBE8-A10B-40D3-83F3-9B967D1E00AF}.Release|x64.ActiveCfg = Release|x64
		{1BE7BBE8-A10B-40D3-83F3-9B967D1E00AF}.Release|x64.Build.0 = Release|x64
		{1BE7BBE8-A10B-40D3-83F3-9B967D1E00AF}.Release|x86.ActiveCfg = Release|Win32
		{1BE7BBE8-A10B-40D3-83F3-9B967D1E00AF}.Release|x86.Build.0 = Release|Win32
		{9BD5F92D-E75E-4186-A2ED-1CBF28D29417}.Debug|x64.ActiveCfg = Debug|x64
		{9BD5F92D-E75E-4186-A2ED-1CBF28D29417}.Debug|x64.Build.0 = Debug|x64
		{9BD5F92D-E75E-4186-A2ED-1CBF28D29417}.Debug|x86.ActiveCfg = Debug|Win32
		{9BD5F92D-E75E-4186-A2ED-1CBF28D29417}.Debug|x86.Build.0 = Debug|Win32
		{9BD5F92D-E75E-4186-A2ED-1CBF28D29417}.Release|x64.ActiveCfg = Release|x64
		{9BD5F92D-E75E-4186-A2ED-1CBF28D29417}.Release|x64.Build.0 = Release|x64
		{9BD5F92D-E75E-4186-A2ED-1CBF28D29417}.Release|x86.ActiveCfg = Release|Win32
		{9BD5F92D-E75E-4186-A2ED-1CBF28D29417}.Release|x86.Build.0 = Release|Win32
		{581D4EA6-2C69-4C00-8A8D-93D6A1F837C6}.Debug|x64.ActiveCfg = Debug|x64
		{581D4EA6-2C69-4C00-8A8D-93D6A1F837C6}.Debug|x64.Build.0 = Debug|x64
		{581D4EA6-2C69-4C00-8A8D-93D6A1F837C6}.Debug|x86.ActiveCfg = Debug|Win32
		{581D4EA6-2C69-4C00-8A8D-93D6A1F837C6}.Debug|x86.Build.0 = Debug|Win32
		{581D4EA6-2C69-4C00-8A8D-93D6A1F837C6}.Release|x64.ActiveCfg = Release|x64
		{581D4EA6-2C69-4C00-8A8D-93D6A1F837C6}.Release|x64.Build.0 = Release|x64
		{581D4EA6-2C69-4C00-8A8D-93D6A1F837C6}.Release|x86.ActiveCfg = Release|Win32
		{581D4EA6-2C69-4C00-8A8D-93D6A1F837C6}.Release|x86.Build.0 = Release|Win32
		{58E7DE70-E952-4C87-A149-04C71AD4227E}.Debug|x64.ActiveCfg = Debug|x64
		{58E7DE70-E952-4C87-A149-04C71AD4227E}.Debug|x64.Build.0 = Debug|x64
		{58E7DE70-E952-4C87-A149-04C71AD4227E}.Debug|x86.ActiveCfg = Debug|Win32
		{58E7DE70-E952-4C87-A149-04C71AD4227E}.Debug|x86.Build.0 = Debug|Win32
		{58E7DE70-E952-4C87-A149-04C71AD4227E}.Release|x64.ActiveCfg = Release|x64
		{58E7DE70-E952-4C87-A149-04C71AD4227E}.Release|x64.Build.0 = Release|x64
		{58E7DE70-E952-4C87-A149-04C71AD4227E}.Release|x86.ActiveCfg = Release|Win32
		{58E7DE70-E952-4C87-A149-04C71AD4227E}.Release|x86.Build.0 = Release|Win32
		{6AEF0421-66B6-48BE-99D5-5475B85EF490}.Debug|x64.ActiveCfg = Debug|x64
		{6AEF0421-66B6-48BE-99D5-5475B85EF490}.Debug|x64.Build.0 = Debug|x64
		{6AEF0421-66B6-48BE-99D5-5475B85EF490}.Debug|x86.ActiveCfg = Debug|Win32
		{6AEF0421-66B6-48BE-99D5-5475B85EF490}.Debug|x86.Build.0 = Debug|Win32
		{6AEF0421-66B6-48BE-99D5-5475B85EF490}.Release|x64.ActiveCfg = Release|x64
		{6AEF0421-66B6-48BE-99D5-5475B85EF490}.Release|x64.Build.0 = Release|x64
		{6AEF0421-66B6-48BE-99D5-5475B85EF490}.Release|x86.ActiveCfg = Release|Win32
		{6AEF0421-66B6-48BE-99D5-5475B85EF490}.Release|x86.Build.0 = Release|Win32
		{982C1C2E-D958-4C30-BCD1-C409D3BDF176}.Debug|x64.ActiveCfg = Debug|x64
		{982C1C2E-D958-4C30-BCD1-C409D3BDF176}.Debug|x64.Build.0 = Debug|x64
		{982C1C2E-D958-4C30-BCD1-C409D3BDF176}.Debug|x86.ActiveCfg = Debug|Win32
		{982C1C2E-D958-4C30-BCD1-C409D3BDF176}.Debug|x86.Build.0 = Debug|Win32
		{982C1C2E-D958-4C30-BCD1-C409D3BDF176}.Release|x64.ActiveCfg = Release|x64
		{982C1C2E-D958-4C30-BCD1-C409D3BDF176}.Release|x64.Build.0 = Release|x64
		{982C1C2E-D958-4C30-BCD1-C409D3BDF176}.Release|x86.ActiveCfg = Release|Win32
		{982C1C2E-D958-4C30-BCD1-C409D3BDF176}.Release|x86.Build.0 = Release|Win32
		{17EF0EA9-144A-4F92-A27E-397BC51900B4}.Debug|x64.ActiveCfg = Debug|x64
		{17EF0EA9-144A-4F92-A27E-397BC51900B4}.Debug|x64.Build.0 = Debug|x64
		{17EF0EA9-144A-4F92-A27E-397BC51900B4}.Debug|x86.ActiveCfg = Debug|Win32
		{17EF0EA9-144A-4F92-A27E-397BC51900B4}.Debug|x86.Build.0 = Debug|Win32
		{17EF0EA9-144A-4F92-A27E-397BC51900B4}.Release|x64.ActiveCfg = Release|x64
		{17EF0EA9-144A-4F92-A27E-397BC51900B4}.Release|x64.Build.0 = Release|x64
		{17EF0EA9-144A-4F92-A27E-397BC51900B4}.Release|x86.ActiveCfg = Release|Win32
		{17EF0EA9-144A-4F92-A27E-397BC51900B4}.Release|x86.Build.0 = Release|Win32
	EndGlobalSection
	GlobalSection(SolutionProperties) = preSolution
		HideSolutionNode = FALSE
	EndGlobalSection
EndGlobal
